
Microsoft Visual Studio Solution File, Format Version 12.00
# Visual Studio Version 16
VisualStudioVersion = 16.0.810.9
MinimumVisualStudioVersion = 10.0.40219.1
Project("{9A19103F-16F7-4668-BE54-9A1E7A4F7556}") = "CQRS_ES", "CQRS_ES\CQRS_ES.csproj", "{BD17C079-FA44-46B1-812A-EEC7CBF10A3C}"
EndProject
Project("{FAE04EC0-301F-11D3-BF4B-00C04F79EFBC}") = "CQRS_ES_Tests", "CQRS_ES_Tests\CQRS_ES_Tests.csproj", "{D9A29974-A911-4557-BCBD-57833D0E9CBC}"
EndProject
Global
	GlobalSection(SolutionConfigurationPlatforms) = preSolution
		Debug|Any CPU = Debug|Any CPU
		Release|Any CPU = Release|Any CPU
	EndGlobalSection
	GlobalSection(ProjectConfigurationPlatforms) = postSolution
		{BD17C079-FA44-46B1-812A-EEC7CBF10A3C}.Debug|Any CPU.ActiveCfg = Debug|Any CPU
		{BD17C079-FA44-46B1-812A-EEC7CBF10A3C}.Debug|Any CPU.Build.0 = Debug|Any CPU
		{BD17C079-FA44-46B1-812A-EEC7CBF10A3C}.Release|Any CPU.ActiveCfg = Release|Any CPU
		{BD17C079-FA44-46B1-812A-EEC7CBF10A3C}.Release|Any CPU.Build.0 = Release|Any CPU
		{D9A29974-A911-4557-BCBD-57833D0E9CBC}.Debug|Any CPU.ActiveCfg = Debug|Any CPU
		{D9A29974-A911-4557-BCBD-57833D0E9CBC}.Debug|Any CPU.Build.0 = Debug|Any CPU
		{D9A29974-A911-4557-BCBD-57833D0E9CBC}.Release|Any CPU.ActiveCfg = Release|Any CPU
		{D9A29974-A911-4557-BCBD-57833D0E9CBC}.Release|Any CPU.Build.0 = Release|Any CPU
	EndGlobalSection
	GlobalSection(SolutionProperties) = preSolution
		HideSolutionNode = FALSE
	EndGlobalSection
	GlobalSection(ExtensibilityGlobals) = postSolution
		SolutionGuid = {24E8E320-C05D-4C24-9BA1-937D202034BA}
	EndGlobalSection
EndGlobal
